<?xml version="1.0" encoding="utf-8"?>
<Project ToolsVersion="4.0" xmlns="http://schemas.microsoft.com/developer/msbuild/2003">
  <ItemGroup>
    <Filter Include="소스 파일">
      <UniqueIdentifier>{4FC737F1-C7A5-4376-A066-2A32D752A2FF}</UniqueIdentifier>
      <Extensions>cpp;c;cc;cxx;c++;cppm;ixx;def;odl;idl;hpj;bat;asm;asmx</Extensions>
    </Filter>
    <Filter Include="헤더 파일">
      <UniqueIdentifier>{93995380-89BD-4b04-88EB-625FBE52EBFB}</UniqueIdentifier>
      <Extensions>h;hh;hpp;hxx;h++;hm;inl;inc;ipp;xsd</Extensions>
    </Filter>
    <Filter Include="리소스 파일">
      <UniqueIdentifier>{67DA6AB6-F800-4c08-8B7A-83BB121AAD01}</UniqueIdentifier>
      <Extensions>rc;ico;cur;bmp;dlg;rc2;rct;bin;rgs;gif;jpg;jpeg;jpe;resx;tiff;tif;png;wav;mfcribbon-ms</Extensions>
    </Filter>
  </ItemGroup>
  <ItemGroup>
    <ClCompile Include="main.cpp">
      <Filter>소스 파일</Filter>
    </ClCompile>
    <ClCompile Include="Airplane.cpp">
      <Filter>소스 파일</Filter>
    </ClCompile>
    <ClCompile Include="AirplaneInfo.cpp">
      <Filter>소스 파일</Filter>
    </ClCompile>
    <ClCompile Include="Date.cpp">
      <Filter>소스 파일</Filter>
    </ClCompile>
    <ClCompile Include="Family.cpp">
      <Filter>소스 파일</Filter>
    </ClCompile>
    <ClCompile Include="FamilyData.cpp">
      <Filter>소스 파일</Filter>
    </ClCompile>
    <ClCompile Include="Info.cpp">
      <Filter>소스 파일</Filter>
    </ClCompile>
    <ClCompile Include="Library.cpp">
      <Filter>소스 파일</Filter>
    </ClCompile>
    <ClCompile Include="LibraryDate.cpp">
      <Filter>소스 파일</Filter>
    </ClCompile>
    <ClCompile Include="LibraryInfo.cpp">
      <Filter>소스 파일</Filter>
    </ClCompile>
    <ClCompile Include="LibrarySeat.cpp">
      <Filter>소스 파일</Filter>
    </ClCompile>
    <ClCompile Include="LibraryTime.cpp">
      <Filter>소스 파일</Filter>
    </ClCompile>
    <ClCompile Include="MemberData.cpp">
      <Filter>소스 파일</Filter>
    </ClCompile>
    <ClCompile Include="Restaurant.cpp">
      <Filter>소스 파일</Filter>
    </ClCompile>
    <ClCompile Include="RestaurantDate.cpp">
      <Filter>소스 파일</Filter>
    </ClCompile>
    <ClCompile Include="RestaurantInfo.cpp">
      <Filter>소스 파일</Filter>
    </ClCompile>
    <ClCompile Include="RestaurantSeat.cpp">
      <Filter>소스 파일</Filter>
    </ClCompile>
    <ClCompile Include="RestaurantTime.cpp">
      <Filter>소스 파일</Filter>
    </ClCompile>
    <ClCompile Include="RestaurantWalkInSeat.cpp">
      <Filter>소스 파일</Filter>
    </ClCompile>
    <ClCompile Include="Time.cpp">
      <Filter>소스 파일</Filter>
    </ClCompile>
    <ClCompile Include="WalkInCustomer.cpp">
      <Filter>소스 파일</Filter>
    </ClCompile>
    <ClCompile Include="Where.cpp">
      <Filter>소스 파일</Filter>
    </ClCompile>
    <ClCompile Include="Seat.cpp">
      <Filter>소스 파일</Filter>
    </ClCompile>
  </ItemGroup>
  <ItemGroup>
    <ClInclude Include="Info.h">
      <Filter>헤더 파일</Filter>
    </ClInclude>
    <ClInclude Include="AirplaneInfo.h">
      <Filter>헤더 파일</Filter>
    </ClInclude>
    <ClInclude Include="MemberData.h">
      <Filter>헤더 파일</Filter>
    </ClInclude>
    <ClInclude Include="Seat.h">
      <Filter>헤더 파일</Filter>
    </ClInclude>
    <ClInclude Include="Time.h">
      <Filter>헤더 파일</Filter>
    </ClInclude>
    <ClInclude Include="Date.h">
      <Filter>헤더 파일</Filter>
    </ClInclude>
    <ClInclude Include="Where.h">
      <Filter>헤더 파일</Filter>
    </ClInclude>
    <ClInclude Include="Airplane.h">
      <Filter>헤더 파일</Filter>
    </ClInclude>
    <ClInclude Include="RestaurantSeat.h">
      <Filter>헤더 파일</Filter>
    </ClInclude>
    <ClInclude Include="RestaurantTIme.h">
      <Filter>헤더 파일</Filter>
    </ClInclude>
    <ClInclude Include="RestaurantDate.h">
      <Filter>헤더 파일</Filter>
    </ClInclude>
    <ClInclude Include="Restaurant.h">
      <Filter>헤더 파일</Filter>
    </ClInclude>
    <ClInclude Include="WalkInCustomer.h">
      <Filter>헤더 파일</Filter>
    </ClInclude>
    <ClInclude Include="RestaurantWalkInSeat.h">
      <Filter>헤더 파일</Filter>
    </ClInclude>
    <ClInclude Include="RestaurantInfo.h">
      <Filter>헤더 파일</Filter>
    </ClInclude>
    <ClInclude Include="Family.h">
      <Filter>헤더 파일</Filter>
    </ClInclude>
    <ClInclude Include="FamilyData.h">
      <Filter>헤더 파일</Filter>
    </ClInclude>
    <ClInclude Include="LibraryInfo.h">
      <Filter>헤더 파일</Filter>
    </ClInclude>
    <ClInclude Include="Library.h">
      <Filter>헤더 파일</Filter>
    </ClInclude>
    <ClInclude Include="LibrarySeat.h">
      <Filter>헤더 파일</Filter>
    </ClInclude>
    <ClInclude Include="LibraryTime.h">
      <Filter>헤더 파일</Filter>
    </ClInclude>
    <ClInclude Include="LibraryDate.h">
      <Filter>헤더 파일</Filter>
    </ClInclude>
    <ClInclude Include="JoinMemberLogin.h">
      <Filter>헤더 파일</Filter>
    </ClInclude>
  </ItemGroup>
</Project>